// !$*UTF8*$!
{
	archiveVersion = 1;
	classes = {
	};
	objectVersion = 55;
	objects = {

/* Begin PBXBuildFile section */
		4904819B283BE0CD009F4F3E /* AppsGroupCell.swift in Sources */ = {isa = PBXBuildFile; fileRef = 4904819A283BE0CD009F4F3E /* AppsGroupCell.swift */; };
		4904819D283BE21D009F4F3E /* UILabel+Extensions.swift in Sources */ = {isa = PBXBuildFile; fileRef = 4904819C283BE21D009F4F3E /* UILabel+Extensions.swift */; };
		4904819F283C6F61009F4F3E /* AppsHorizontalController.swift in Sources */ = {isa = PBXBuildFile; fileRef = 4904819E283C6F61009F4F3E /* AppsHorizontalController.swift */; };
		490481A1283D2747009F4F3E /* AppRowCell.swift in Sources */ = {isa = PBXBuildFile; fileRef = 490481A0283D2747009F4F3E /* AppRowCell.swift */; };
		490FBED928411FC400C6E8E9 /* AppDetailCell.swift in Sources */ = {isa = PBXBuildFile; fileRef = 490FBED828411FC400C6E8E9 /* AppDetailCell.swift */; };
		490FBEDB2841217700C6E8E9 /* UIImageView+Extensions.swift in Sources */ = {isa = PBXBuildFile; fileRef = 490FBEDA2841217700C6E8E9 /* UIImageView+Extensions.swift */; };
		494EF2372788988100C3A18C /* AppDelegate.swift in Sources */ = {isa = PBXBuildFile; fileRef = 494EF2362788988100C3A18C /* AppDelegate.swift */; };
		494EF2392788988100C3A18C /* SceneDelegate.swift in Sources */ = {isa = PBXBuildFile; fileRef = 494EF2382788988100C3A18C /* SceneDelegate.swift */; };
		494EF23B2788988100C3A18C /* MainTabBarViewController.swift in Sources */ = {isa = PBXBuildFile; fileRef = 494EF23A2788988100C3A18C /* MainTabBarViewController.swift */; };
		494EF23E2788988100C3A18C /* Main.storyboard in Resources */ = {isa = PBXBuildFile; fileRef = 494EF23C2788988100C3A18C /* Main.storyboard */; };
		494EF2402788988200C3A18C /* Assets.xcassets in Resources */ = {isa = PBXBuildFile; fileRef = 494EF23F2788988200C3A18C /* Assets.xcassets */; };
		494EF2432788988200C3A18C /* LaunchScreen.storyboard in Resources */ = {isa = PBXBuildFile; fileRef = 494EF2412788988200C3A18C /* LaunchScreen.storyboard */; };
		494EF2512788998300C3A18C /* TodayViewController.swift in Sources */ = {isa = PBXBuildFile; fileRef = 494EF2502788998300C3A18C /* TodayViewController.swift */; };
		494EF2532788998B00C3A18C /* AppsViewController.swift in Sources */ = {isa = PBXBuildFile; fileRef = 494EF2522788998B00C3A18C /* AppsViewController.swift */; };
		494EF2552788999400C3A18C /* SearchViewController.swift in Sources */ = {isa = PBXBuildFile; fileRef = 494EF2542788999400C3A18C /* SearchViewController.swift */; };
		495FDCFE283E815300BBB512 /* AppsHeaderReusableView.swift in Sources */ = {isa = PBXBuildFile; fileRef = 495FDCFD283E815300BBB512 /* AppsHeaderReusableView.swift */; };
		495FDD00283E82E000BBB512 /* AppsHeaderHorizontalController.swift in Sources */ = {isa = PBXBuildFile; fileRef = 495FDCFF283E82E000BBB512 /* AppsHeaderHorizontalController.swift */; };
		495FDD02283E85DD00BBB512 /* AppsHeaderHorizontalCell.swift in Sources */ = {isa = PBXBuildFile; fileRef = 495FDD01283E85DD00BBB512 /* AppsHeaderHorizontalCell.swift */; };
		495FDD06283FBBC800BBB512 /* AppModel.swift in Sources */ = {isa = PBXBuildFile; fileRef = 495FDD05283FBBC800BBB512 /* AppModel.swift */; };
		495FDD08283FC13F00BBB512 /* HeaderModel.swift in Sources */ = {isa = PBXBuildFile; fileRef = 495FDD07283FC13F00BBB512 /* HeaderModel.swift */; };
		496DD1BC28447D2D007685F7 /* UIView+FeedbackAnimations.swift in Sources */ = {isa = PBXBuildFile; fileRef = 496DD1B428447D2D007685F7 /* UIView+FeedbackAnimations.swift */; };
		496DD1BD28447D2D007685F7 /* Date+Extensions.swift in Sources */ = {isa = PBXBuildFile; fileRef = 496DD1B528447D2D007685F7 /* Date+Extensions.swift */; };
		496DD1BE28447D2D007685F7 /* UINavigationItem+ImageOverNavigationBar+Extensions.swift in Sources */ = {isa = PBXBuildFile; fileRef = 496DD1B628447D2D007685F7 /* UINavigationItem+ImageOverNavigationBar+Extensions.swift */; };
		496DD1BF28447D2D007685F7 /* UIColor+Extensions.swift in Sources */ = {isa = PBXBuildFile; fileRef = 496DD1B728447D2D007685F7 /* UIColor+Extensions.swift */; };
		496DD1C028447D2D007685F7 /* String+Extensions.swift in Sources */ = {isa = PBXBuildFile; fileRef = 496DD1B828447D2D007685F7 /* String+Extensions.swift */; };
		496DD1C128447D2D007685F7 /* AlertExtensions.swift in Sources */ = {isa = PBXBuildFile; fileRef = 496DD1B928447D2D007685F7 /* AlertExtensions.swift */; };
		496DD1C228447D2D007685F7 /* Data+Extensions.swift in Sources */ = {isa = PBXBuildFile; fileRef = 496DD1BA28447D2D007685F7 /* Data+Extensions.swift */; };
		496DD1C328447D2D007685F7 /* Encodable+Extensions.swift in Sources */ = {isa = PBXBuildFile; fileRef = 496DD1BB28447D2D007685F7 /* Encodable+Extensions.swift */; };
		49942B8128283A5A00830D3F /* SearchResultCollectionViewCell.swift in Sources */ = {isa = PBXBuildFile; fileRef = 49942B8028283A5A00830D3F /* SearchResultCollectionViewCell.swift */; };
		49942B852828469A00830D3F /* UIView+Extension.swift in Sources */ = {isa = PBXBuildFile; fileRef = 49942B842828469A00830D3F /* UIView+Extension.swift */; };
		49942B8728284AD900830D3F /* CustomStackViews.swift in Sources */ = {isa = PBXBuildFile; fileRef = 49942B8628284AD900830D3F /* CustomStackViews.swift */; };
		499C313D28401CEB0004FA97 /* AppsGroupModel.swift in Sources */ = {isa = PBXBuildFile; fileRef = 499C313C28401CEB0004FA97 /* AppsGroupModel.swift */; };
		499C313F28403E880004FA97 /* HorizontalSnappingController.swift in Sources */ = {isa = PBXBuildFile; fileRef = 499C313E28403E880004FA97 /* HorizontalSnappingController.swift */; };
		499C3142284072F30004FA97 /* AppDetailsViewController.swift in Sources */ = {isa = PBXBuildFile; fileRef = 499C3141284072F30004FA97 /* AppDetailsViewController.swift */; };
		499C3144284073990004FA97 /* UIViewController+Extensions.swift in Sources */ = {isa = PBXBuildFile; fileRef = 499C3143284073990004FA97 /* UIViewController+Extensions.swift */; };
		49C0399E28451755009A8517 /* PreviewCell.swift in Sources */ = {isa = PBXBuildFile; fileRef = 49C0399D28451755009A8517 /* PreviewCell.swift */; };
		49C039A128452579009A8517 /* PreviewScreenShotCell.swift in Sources */ = {isa = PBXBuildFile; fileRef = 49C039A028452579009A8517 /* PreviewScreenShotCell.swift */; };
		49C039A328452598009A8517 /* PreviewScreenshortsController.swift in Sources */ = {isa = PBXBuildFile; fileRef = 49C039A228452598009A8517 /* PreviewScreenshortsController.swift */; };
		49D103842788A5EE00E86E06 /* BaseTabHostViewController.swift in Sources */ = {isa = PBXBuildFile; fileRef = 49D103832788A5EE00E86E06 /* BaseTabHostViewController.swift */; };
		49E5E9BB28295ADA00489E83 /* SearchAPIModel.swift in Sources */ = {isa = PBXBuildFile; fileRef = 49E5E9BA28295ADA00489E83 /* SearchAPIModel.swift */; };
		49E5E9BD28295CEB00489E83 /* NetworkManager.swift in Sources */ = {isa = PBXBuildFile; fileRef = 49E5E9BC28295CEB00489E83 /* NetworkManager.swift */; };
		49E5E9BF28295DAB00489E83 /* ITunesService.swift in Sources */ = {isa = PBXBuildFile; fileRef = 49E5E9BE28295DAB00489E83 /* ITunesService.swift */; };
		49E5E9C2282962F300489E83 /* SDWebImage in Frameworks */ = {isa = PBXBuildFile; productRef = 49E5E9C1282962F300489E83 /* SDWebImage */; };
/* End PBXBuildFile section */

/* Begin PBXFileReference section */
		4904819A283BE0CD009F4F3E /* AppsGroupCell.swift */ = {isa = PBXFileReference; lastKnownFileType = sourcecode.swift; path = AppsGroupCell.swift; sourceTree = "<group>"; };
		4904819C283BE21D009F4F3E /* UILabel+Extensions.swift */ = {isa = PBXFileReference; lastKnownFileType = sourcecode.swift; path = "UILabel+Extensions.swift"; sourceTree = "<group>"; };
		4904819E283C6F61009F4F3E /* AppsHorizontalController.swift */ = {isa = PBXFileReference; lastKnownFileType = sourcecode.swift; path = AppsHorizontalController.swift; sourceTree = "<group>"; };
		490481A0283D2747009F4F3E /* AppRowCell.swift */ = {isa = PBXFileReference; lastKnownFileType = sourcecode.swift; path = AppRowCell.swift; sourceTree = "<group>"; };
		490FBED828411FC400C6E8E9 /* AppDetailCell.swift */ = {isa = PBXFileReference; lastKnownFileType = sourcecode.swift; path = AppDetailCell.swift; sourceTree = "<group>"; };
		490FBEDA2841217700C6E8E9 /* UIImageView+Extensions.swift */ = {isa = PBXFileReference; lastKnownFileType = sourcecode.swift; path = "UIImageView+Extensions.swift"; sourceTree = "<group>"; };
		494EF2332788988100C3A18C /* AppStoreMVC.app */ = {isa = PBXFileReference; explicitFileType = wrapper.application; includeInIndex = 0; path = AppStoreMVC.app; sourceTree = BUILT_PRODUCTS_DIR; };
		494EF2362788988100C3A18C /* AppDelegate.swift */ = {isa = PBXFileReference; lastKnownFileType = sourcecode.swift; path = AppDelegate.swift; sourceTree = "<group>"; };
		494EF2382788988100C3A18C /* SceneDelegate.swift */ = {isa = PBXFileReference; lastKnownFileType = sourcecode.swift; path = SceneDelegate.swift; sourceTree = "<group>"; };
		494EF23A2788988100C3A18C /* MainTabBarViewController.swift */ = {isa = PBXFileReference; lastKnownFileType = sourcecode.swift; path = MainTabBarViewController.swift; sourceTree = "<group>"; };
		494EF23D2788988100C3A18C /* Base */ = {isa = PBXFileReference; lastKnownFileType = file.storyboard; name = Base; path = Base.lproj/Main.storyboard; sourceTree = "<group>"; };
		494EF23F2788988200C3A18C /* Assets.xcassets */ = {isa = PBXFileReference; lastKnownFileType = folder.assetcatalog; path = Assets.xcassets; sourceTree = "<group>"; };
		494EF2422788988200C3A18C /* Base */ = {isa = PBXFileReference; lastKnownFileType = file.storyboard; name = Base; path = Base.lproj/LaunchScreen.storyboard; sourceTree = "<group>"; };
		494EF2442788988200C3A18C /* Info.plist */ = {isa = PBXFileReference; lastKnownFileType = text.plist.xml; path = Info.plist; sourceTree = "<group>"; };
		494EF2502788998300C3A18C /* TodayViewController.swift */ = {isa = PBXFileReference; lastKnownFileType = sourcecode.swift; path = TodayViewController.swift; sourceTree = "<group>"; };
		494EF2522788998B00C3A18C /* AppsViewController.swift */ = {isa = PBXFileReference; lastKnownFileType = sourcecode.swift; path = AppsViewController.swift; sourceTree = "<group>"; };
		494EF2542788999400C3A18C /* SearchViewController.swift */ = {isa = PBXFileReference; lastKnownFileType = sourcecode.swift; path = SearchViewController.swift; sourceTree = "<group>"; };
		495FDCFD283E815300BBB512 /* AppsHeaderReusableView.swift */ = {isa = PBXFileReference; lastKnownFileType = sourcecode.swift; path = AppsHeaderReusableView.swift; sourceTree = "<group>"; };
		495FDCFF283E82E000BBB512 /* AppsHeaderHorizontalController.swift */ = {isa = PBXFileReference; lastKnownFileType = sourcecode.swift; path = AppsHeaderHorizontalController.swift; sourceTree = "<group>"; };
		495FDD01283E85DD00BBB512 /* AppsHeaderHorizontalCell.swift */ = {isa = PBXFileReference; lastKnownFileType = sourcecode.swift; path = AppsHeaderHorizontalCell.swift; sourceTree = "<group>"; };
		495FDD05283FBBC800BBB512 /* AppModel.swift */ = {isa = PBXFileReference; lastKnownFileType = sourcecode.swift; path = AppModel.swift; sourceTree = "<group>"; };
		495FDD07283FC13F00BBB512 /* HeaderModel.swift */ = {isa = PBXFileReference; lastKnownFileType = sourcecode.swift; path = HeaderModel.swift; sourceTree = "<group>"; };
		496DD1B428447D2D007685F7 /* UIView+FeedbackAnimations.swift */ = {isa = PBXFileReference; fileEncoding = 4; lastKnownFileType = sourcecode.swift; path = "UIView+FeedbackAnimations.swift"; sourceTree = "<group>"; };
		496DD1B528447D2D007685F7 /* Date+Extensions.swift */ = {isa = PBXFileReference; fileEncoding = 4; lastKnownFileType = sourcecode.swift; path = "Date+Extensions.swift"; sourceTree = "<group>"; };
		496DD1B628447D2D007685F7 /* UINavigationItem+ImageOverNavigationBar+Extensions.swift */ = {isa = PBXFileReference; fileEncoding = 4; lastKnownFileType = sourcecode.swift; path = "UINavigationItem+ImageOverNavigationBar+Extensions.swift"; sourceTree = "<group>"; };
		496DD1B728447D2D007685F7 /* UIColor+Extensions.swift */ = {isa = PBXFileReference; fileEncoding = 4; lastKnownFileType = sourcecode.swift; path = "UIColor+Extensions.swift"; sourceTree = "<group>"; };
		496DD1B828447D2D007685F7 /* String+Extensions.swift */ = {isa = PBXFileReference; fileEncoding = 4; lastKnownFileType = sourcecode.swift; path = "String+Extensions.swift"; sourceTree = "<group>"; };
		496DD1B928447D2D007685F7 /* AlertExtensions.swift */ = {isa = PBXFileReference; fileEncoding = 4; lastKnownFileType = sourcecode.swift; path = AlertExtensions.swift; sourceTree = "<group>"; };
		496DD1BA28447D2D007685F7 /* Data+Extensions.swift */ = {isa = PBXFileReference; fileEncoding = 4; lastKnownFileType = sourcecode.swift; path = "Data+Extensions.swift"; sourceTree = "<group>"; };
		496DD1BB28447D2D007685F7 /* Encodable+Extensions.swift */ = {isa = PBXFileReference; fileEncoding = 4; lastKnownFileType = sourcecode.swift; path = "Encodable+Extensions.swift"; sourceTree = "<group>"; };
		49942B8028283A5A00830D3F /* SearchResultCollectionViewCell.swift */ = {isa = PBXFileReference; lastKnownFileType = sourcecode.swift; path = SearchResultCollectionViewCell.swift; sourceTree = "<group>"; };
		49942B842828469A00830D3F /* UIView+Extension.swift */ = {isa = PBXFileReference; lastKnownFileType = sourcecode.swift; path = "UIView+Extension.swift"; sourceTree = "<group>"; };
		49942B8628284AD900830D3F /* CustomStackViews.swift */ = {isa = PBXFileReference; lastKnownFileType = sourcecode.swift; path = CustomStackViews.swift; sourceTree = "<group>"; };
		499C313C28401CEB0004FA97 /* AppsGroupModel.swift */ = {isa = PBXFileReference; lastKnownFileType = sourcecode.swift; path = AppsGroupModel.swift; sourceTree = "<group>"; };
		499C313E28403E880004FA97 /* HorizontalSnappingController.swift */ = {isa = PBXFileReference; lastKnownFileType = sourcecode.swift; path = HorizontalSnappingController.swift; sourceTree = "<group>"; };
		499C3141284072F30004FA97 /* AppDetailsViewController.swift */ = {isa = PBXFileReference; lastKnownFileType = sourcecode.swift; path = AppDetailsViewController.swift; sourceTree = "<group>"; };
		499C3143284073990004FA97 /* UIViewController+Extensions.swift */ = {isa = PBXFileReference; lastKnownFileType = sourcecode.swift; path = "UIViewController+Extensions.swift"; sourceTree = "<group>"; };
		49C0399D28451755009A8517 /* PreviewCell.swift */ = {isa = PBXFileReference; lastKnownFileType = sourcecode.swift; path = PreviewCell.swift; sourceTree = "<group>"; };
		49C039A028452579009A8517 /* PreviewScreenShotCell.swift */ = {isa = PBXFileReference; lastKnownFileType = sourcecode.swift; path = PreviewScreenShotCell.swift; sourceTree = "<group>"; };
		49C039A228452598009A8517 /* PreviewScreenshortsController.swift */ = {isa = PBXFileReference; lastKnownFileType = sourcecode.swift; path = PreviewScreenshortsController.swift; sourceTree = "<group>"; };
		49D103832788A5EE00E86E06 /* BaseTabHostViewController.swift */ = {isa = PBXFileReference; lastKnownFileType = sourcecode.swift; path = BaseTabHostViewController.swift; sourceTree = "<group>"; };
		49E5E9BA28295ADA00489E83 /* SearchAPIModel.swift */ = {isa = PBXFileReference; lastKnownFileType = sourcecode.swift; path = SearchAPIModel.swift; sourceTree = "<group>"; };
		49E5E9BC28295CEB00489E83 /* NetworkManager.swift */ = {isa = PBXFileReference; lastKnownFileType = sourcecode.swift; path = NetworkManager.swift; sourceTree = "<group>"; };
		49E5E9BE28295DAB00489E83 /* ITunesService.swift */ = {isa = PBXFileReference; lastKnownFileType = sourcecode.swift; path = ITunesService.swift; sourceTree = "<group>"; };
/* End PBXFileReference section */

/* Begin PBXFrameworksBuildPhase section */
		494EF2302788988100C3A18C /* Frameworks */ = {
			isa = PBXFrameworksBuildPhase;
			buildActionMask = 2147483647;
			files = (
				49E5E9C2282962F300489E83 /* SDWebImage in Frameworks */,
			);
			runOnlyForDeploymentPostprocessing = 0;
		};
/* End PBXFrameworksBuildPhase section */

/* Begin PBXGroup section */
		49048199283BE0BD009F4F3E /* Cells */ = {
			isa = PBXGroup;
			children = (
				4904819A283BE0CD009F4F3E /* AppsGroupCell.swift */,
				490481A0283D2747009F4F3E /* AppRowCell.swift */,
				495FDD01283E85DD00BBB512 /* AppsHeaderHorizontalCell.swift */,
			);
			path = Cells;
			sourceTree = "<group>";
		};
		490FBED728411FB700C6E8E9 /* Cells */ = {
			isa = PBXGroup;
			children = (
				490FBED828411FC400C6E8E9 /* AppDetailCell.swift */,
				49C0399D28451755009A8517 /* PreviewCell.swift */,
				49C039A028452579009A8517 /* PreviewScreenShotCell.swift */,
			);
			path = Cells;
			sourceTree = "<group>";
		};
		494EF22A2788988100C3A18C = {
			isa = PBXGroup;
			children = (
				494EF2352788988100C3A18C /* AppStoreMVC */,
				494EF2342788988100C3A18C /* Products */,
			);
			sourceTree = "<group>";
		};
		494EF2342788988100C3A18C /* Products */ = {
			isa = PBXGroup;
			children = (
				494EF2332788988100C3A18C /* AppStoreMVC.app */,
			);
			name = Products;
			sourceTree = "<group>";
		};
		494EF2352788988100C3A18C /* AppStoreMVC */ = {
			isa = PBXGroup;
			children = (
				49E5E9B928295AC500489E83 /* Models */,
				49942B832828468700830D3F /* Helpers */,
				494EF24E2788991E00C3A18C /* Startup */,
				494EF24D2788991900C3A18C /* Core */,
				494EF24C2788991400C3A18C /* Controllers */,
				494EF24B2788990F00C3A18C /* Views */,
				494EF23F2788988200C3A18C /* Assets.xcassets */,
				494EF2442788988200C3A18C /* Info.plist */,
			);
			path = AppStoreMVC;
			sourceTree = "<group>";
		};
		494EF24B2788990F00C3A18C /* Views */ = {
			isa = PBXGroup;
			children = (
				494EF24F2788992D00C3A18C /* Storyboards */,
			);
			path = Views;
			sourceTree = "<group>";
		};
		494EF24C2788991400C3A18C /* Controllers */ = {
			isa = PBXGroup;
			children = (
				49942B7D2828341C00830D3F /* Search */,
				49942B7C2828341800830D3F /* Apps */,
				499C3140284072E00004FA97 /* AppDetails */,
				49942B7B2828341100830D3F /* Today */,
				49D103832788A5EE00E86E06 /* BaseTabHostViewController.swift */,
				494EF23A2788988100C3A18C /* MainTabBarViewController.swift */,
			);
			path = Controllers;
			sourceTree = "<group>";
		};
		494EF24D2788991900C3A18C /* Core */ = {
			isa = PBXGroup;
			children = (
				49E5E9BC28295CEB00489E83 /* NetworkManager.swift */,
				49E5E9BE28295DAB00489E83 /* ITunesService.swift */,
			);
			path = Core;
			sourceTree = "<group>";
		};
		494EF24E2788991E00C3A18C /* Startup */ = {
			isa = PBXGroup;
			children = (
				494EF2362788988100C3A18C /* AppDelegate.swift */,
				494EF2382788988100C3A18C /* SceneDelegate.swift */,
			);
			path = Startup;
			sourceTree = "<group>";
		};
		494EF24F2788992D00C3A18C /* Storyboards */ = {
			isa = PBXGroup;
			children = (
				494EF23C2788988100C3A18C /* Main.storyboard */,
				494EF2412788988200C3A18C /* LaunchScreen.storyboard */,
			);
			path = Storyboards;
			sourceTree = "<group>";
		};
		49942B7B2828341100830D3F /* Today */ = {
			isa = PBXGroup;
			children = (
				494EF2502788998300C3A18C /* TodayViewController.swift */,
			);
			path = Today;
			sourceTree = "<group>";
		};
		49942B7C2828341800830D3F /* Apps */ = {
			isa = PBXGroup;
			children = (
				49048199283BE0BD009F4F3E /* Cells */,
				494EF2522788998B00C3A18C /* AppsViewController.swift */,
				4904819E283C6F61009F4F3E /* AppsHorizontalController.swift */,
				495FDCFD283E815300BBB512 /* AppsHeaderReusableView.swift */,
				495FDCFF283E82E000BBB512 /* AppsHeaderHorizontalController.swift */,
				499C313E28403E880004FA97 /* HorizontalSnappingController.swift */,
			);
			path = Apps;
			sourceTree = "<group>";
		};
		49942B7D2828341C00830D3F /* Search */ = {
			isa = PBXGroup;
			children = (
				49942B7E28283A2800830D3F /* Cells */,
				494EF2542788999400C3A18C /* SearchViewController.swift */,
			);
			path = Search;
			sourceTree = "<group>";
		};
		49942B7E28283A2800830D3F /* Cells */ = {
			isa = PBXGroup;
			children = (
				49942B8028283A5A00830D3F /* SearchResultCollectionViewCell.swift */,
			);
			path = Cells;
			sourceTree = "<group>";
		};
		49942B822828467800830D3F /* Extensions */ = {
			isa = PBXGroup;
			children = (
				496DD1B928447D2D007685F7 /* AlertExtensions.swift */,
				49942B8628284AD900830D3F /* CustomStackViews.swift */,
				496DD1BB28447D2D007685F7 /* Encodable+Extensions.swift */,
				496DD1BA28447D2D007685F7 /* Data+Extensions.swift */,
				496DD1B528447D2D007685F7 /* Date+Extensions.swift */,
				496DD1B828447D2D007685F7 /* String+Extensions.swift */,
				496DD1B728447D2D007685F7 /* UIColor+Extensions.swift */,
				490FBEDA2841217700C6E8E9 /* UIImageView+Extensions.swift */,
				4904819C283BE21D009F4F3E /* UILabel+Extensions.swift */,
				496DD1B628447D2D007685F7 /* UINavigationItem+ImageOverNavigationBar+Extensions.swift */,
				496DD1B428447D2D007685F7 /* UIView+FeedbackAnimations.swift */,
				49942B842828469A00830D3F /* UIView+Extension.swift */,
				499C3143284073990004FA97 /* UIViewController+Extensions.swift */,
			);
			path = Extensions;
			sourceTree = "<group>";
		};
		49942B832828468700830D3F /* Helpers */ = {
			isa = PBXGroup;
			children = (
				49942B822828467800830D3F /* Extensions */,
			);
			path = Helpers;
			sourceTree = "<group>";
		};
		499C3140284072E00004FA97 /* AppDetails */ = {
			isa = PBXGroup;
			children = (
				490FBED728411FB700C6E8E9 /* Cells */,
				499C3141284072F30004FA97 /* AppDetailsViewController.swift */,
				49C039A228452598009A8517 /* PreviewScreenshortsController.swift */,
			);
			path = AppDetails;
			sourceTree = "<group>";
		};
		49E5E9B928295AC500489E83 /* Models */ = {
			isa = PBXGroup;
			children = (
				49E5E9BA28295ADA00489E83 /* SearchAPIModel.swift */,
				495FDD05283FBBC800BBB512 /* AppModel.swift */,
				495FDD07283FC13F00BBB512 /* HeaderModel.swift */,
				499C313C28401CEB0004FA97 /* AppsGroupModel.swift */,
			);
			path = Models;
			sourceTree = "<group>";
		};
/* End PBXGroup section */

/* Begin PBXNativeTarget section */
		494EF2322788988100C3A18C /* AppStoreMVC */ = {
			isa = PBXNativeTarget;
			buildConfigurationList = 494EF2472788988200C3A18C /* Build configuration list for PBXNativeTarget "AppStoreMVC" */;
			buildPhases = (
				494EF22F2788988100C3A18C /* Sources */,
				494EF2302788988100C3A18C /* Frameworks */,
				494EF2312788988100C3A18C /* Resources */,
			);
			buildRules = (
			);
			dependencies = (
			);
			name = AppStoreMVC;
			packageProductDependencies = (
				49E5E9C1282962F300489E83 /* SDWebImage */,
			);
			productName = AppStoreMVC;
			productReference = 494EF2332788988100C3A18C /* AppStoreMVC.app */;
			productType = "com.apple.product-type.application";
		};
/* End PBXNativeTarget section */

/* Begin PBXProject section */
		494EF22B2788988100C3A18C /* Project object */ = {
			isa = PBXProject;
			attributes = {
				BuildIndependentTargetsInParallel = 1;
				LastSwiftUpdateCheck = 1320;
				LastUpgradeCheck = 1340;
				TargetAttributes = {
					494EF2322788988100C3A18C = {
						CreatedOnToolsVersion = 13.2.1;
					};
				};
			};
			buildConfigurationList = 494EF22E2788988100C3A18C /* Build configuration list for PBXProject "AppStoreMVC" */;
			compatibilityVersion = "Xcode 13.0";
			developmentRegion = en;
			hasScannedForEncodings = 0;
			knownRegions = (
				en,
				Base,
			);
			mainGroup = 494EF22A2788988100C3A18C;
			packageReferences = (
				49E5E9C0282962F300489E83 /* XCRemoteSwiftPackageReference "SDWebImage" */,
			);
			productRefGroup = 494EF2342788988100C3A18C /* Products */;
			projectDirPath = "";
			projectRoot = "";
			targets = (
				494EF2322788988100C3A18C /* AppStoreMVC */,
			);
		};
/* End PBXProject section */

/* Begin PBXResourcesBuildPhase section */
		494EF2312788988100C3A18C /* Resources */ = {
			isa = PBXResourcesBuildPhase;
			buildActionMask = 2147483647;
			files = (
				494EF2432788988200C3A18C /* LaunchScreen.storyboard in Resources */,
				494EF2402788988200C3A18C /* Assets.xcassets in Resources */,
				494EF23E2788988100C3A18C /* Main.storyboard in Resources */,
			);
			runOnlyForDeploymentPostprocessing = 0;
		};
/* End PBXResourcesBuildPhase section */

/* Begin PBXSourcesBuildPhase section */
		494EF22F2788988100C3A18C /* Sources */ = {
			isa = PBXSourcesBuildPhase;
			buildActionMask = 2147483647;
			files = (
				49E5E9BD28295CEB00489E83 /* NetworkManager.swift in Sources */,
				499C313D28401CEB0004FA97 /* AppsGroupModel.swift in Sources */,
				499C3144284073990004FA97 /* UIViewController+Extensions.swift in Sources */,
				49E5E9BB28295ADA00489E83 /* SearchAPIModel.swift in Sources */,
				496DD1C228447D2D007685F7 /* Data+Extensions.swift in Sources */,
				499C3142284072F30004FA97 /* AppDetailsViewController.swift in Sources */,
				494EF2552788999400C3A18C /* SearchViewController.swift in Sources */,
				494EF2512788998300C3A18C /* TodayViewController.swift in Sources */,
				494EF2532788998B00C3A18C /* AppsViewController.swift in Sources */,
				49942B852828469A00830D3F /* UIView+Extension.swift in Sources */,
				4904819D283BE21D009F4F3E /* UILabel+Extensions.swift in Sources */,
				4904819F283C6F61009F4F3E /* AppsHorizontalController.swift in Sources */,
				49C039A128452579009A8517 /* PreviewScreenShotCell.swift in Sources */,
				496DD1C328447D2D007685F7 /* Encodable+Extensions.swift in Sources */,
				496DD1BD28447D2D007685F7 /* Date+Extensions.swift in Sources */,
				49942B8128283A5A00830D3F /* SearchResultCollectionViewCell.swift in Sources */,
				4904819B283BE0CD009F4F3E /* AppsGroupCell.swift in Sources */,
				495FDD00283E82E000BBB512 /* AppsHeaderHorizontalController.swift in Sources */,
				49C039A328452598009A8517 /* PreviewScreenshortsController.swift in Sources */,
				494EF23B2788988100C3A18C /* MainTabBarViewController.swift in Sources */,
				495FDD06283FBBC800BBB512 /* AppModel.swift in Sources */,
				49E5E9BF28295DAB00489E83 /* ITunesService.swift in Sources */,
				495FDCFE283E815300BBB512 /* AppsHeaderReusableView.swift in Sources */,
				49D103842788A5EE00E86E06 /* BaseTabHostViewController.swift in Sources */,
				496DD1C028447D2D007685F7 /* String+Extensions.swift in Sources */,
				49C0399E28451755009A8517 /* PreviewCell.swift in Sources */,
				496DD1BE28447D2D007685F7 /* UINavigationItem+ImageOverNavigationBar+Extensions.swift in Sources */,
				496DD1C128447D2D007685F7 /* AlertExtensions.swift in Sources */,
				490FBED928411FC400C6E8E9 /* AppDetailCell.swift in Sources */,
				495FDD08283FC13F00BBB512 /* HeaderModel.swift in Sources */,
				494EF2372788988100C3A18C /* AppDelegate.swift in Sources */,
				490FBEDB2841217700C6E8E9 /* UIImageView+Extensions.swift in Sources */,
				495FDD02283E85DD00BBB512 /* AppsHeaderHorizontalCell.swift in Sources */,
				494EF2392788988100C3A18C /* SceneDelegate.swift in Sources */,
				49942B8728284AD900830D3F /* CustomStackViews.swift in Sources */,
				490481A1283D2747009F4F3E /* AppRowCell.swift in Sources */,
				499C313F28403E880004FA97 /* HorizontalSnappingController.swift in Sources */,
				496DD1BC28447D2D007685F7 /* UIView+FeedbackAnimations.swift in Sources */,
				496DD1BF28447D2D007685F7 /* UIColor+Extensions.swift in Sources */,
			);
			runOnlyForDeploymentPostprocessing = 0;
		};
/* End PBXSourcesBuildPhase section */

/* Begin PBXVariantGroup section */
		494EF23C2788988100C3A18C /* Main.storyboard */ = {
			isa = PBXVariantGroup;
			children = (
				494EF23D2788988100C3A18C /* Base */,
			);
			name = Main.storyboard;
			sourceTree = "<group>";
		};
		494EF2412788988200C3A18C /* LaunchScreen.storyboard */ = {
			isa = PBXVariantGroup;
			children = (
				494EF2422788988200C3A18C /* Base */,
			);
			name = LaunchScreen.storyboard;
			sourceTree = "<group>";
		};
/* End PBXVariantGroup section */

/* Begin XCBuildConfiguration section */
		494EF2452788988200C3A18C /* Debug */ = {
			isa = XCBuildConfiguration;
			buildSettings = {
				ALWAYS_SEARCH_USER_PATHS = NO;
				CLANG_ANALYZER_NONNULL = YES;
				CLANG_ANALYZER_NUMBER_OBJECT_CONVERSION = YES_AGGRESSIVE;
				CLANG_CXX_LANGUAGE_STANDARD = "gnu++17";
				CLANG_CXX_LIBRARY = "libc++";
				CLANG_ENABLE_MODULES = YES;
				CLANG_ENABLE_OBJC_ARC = YES;
				CLANG_ENABLE_OBJC_WEAK = YES;
				CLANG_WARN_BLOCK_CAPTURE_AUTORELEASING = YES;
				CLANG_WARN_BOOL_CONVERSION = YES;
				CLANG_WARN_COMMA = YES;
				CLANG_WARN_CONSTANT_CONVERSION = YES;
				CLANG_WARN_DEPRECATED_OBJC_IMPLEMENTATIONS = YES;
				CLANG_WARN_DIRECT_OBJC_ISA_USAGE = YES_ERROR;
				CLANG_WARN_DOCUMENTATION_COMMENTS = YES;
				CLANG_WARN_EMPTY_BODY = YES;
				CLANG_WARN_ENUM_CONVERSION = YES;
				CLANG_WARN_INFINITE_RECURSION = YES;
				CLANG_WARN_INT_CONVERSION = YES;
				CLANG_WARN_NON_LITERAL_NULL_CONVERSION = YES;
				CLANG_WARN_OBJC_IMPLICIT_RETAIN_SELF = YES;
				CLANG_WARN_OBJC_LITERAL_CONVERSION = YES;
				CLANG_WARN_OBJC_ROOT_CLASS = YES_ERROR;
				CLANG_WARN_QUOTED_INCLUDE_IN_FRAMEWORK_HEADER = YES;
				CLANG_WARN_RANGE_LOOP_ANALYSIS = YES;
				CLANG_WARN_STRICT_PROTOTYPES = YES;
				CLANG_WARN_SUSPICIOUS_MOVE = YES;
				CLANG_WARN_UNGUARDED_AVAILABILITY = YES_AGGRESSIVE;
				CLANG_WARN_UNREACHABLE_CODE = YES;
				CLANG_WARN__DUPLICATE_METHOD_MATCH = YES;
				COPY_PHASE_STRIP = NO;
				DEBUG_INFORMATION_FORMAT = dwarf;
				ENABLE_STRICT_OBJC_MSGSEND = YES;
				ENABLE_TESTABILITY = YES;
				GCC_C_LANGUAGE_STANDARD = gnu11;
				GCC_DYNAMIC_NO_PIC = NO;
				GCC_NO_COMMON_BLOCKS = YES;
				GCC_OPTIMIZATION_LEVEL = 0;
				GCC_PREPROCESSOR_DEFINITIONS = (
					"DEBUG=1",
					"$(inherited)",
				);
				GCC_WARN_64_TO_32_BIT_CONVERSION = YES;
				GCC_WARN_ABOUT_RETURN_TYPE = YES_ERROR;
				GCC_WARN_UNDECLARED_SELECTOR = YES;
				GCC_WARN_UNINITIALIZED_AUTOS = YES_AGGRESSIVE;
				GCC_WARN_UNUSED_FUNCTION = YES;
				GCC_WARN_UNUSED_VARIABLE = YES;
				IPHONEOS_DEPLOYMENT_TARGET = 15.2;
				MTL_ENABLE_DEBUG_INFO = INCLUDE_SOURCE;
				MTL_FAST_MATH = YES;
				ONLY_ACTIVE_ARCH = YES;
				SDKROOT = iphoneos;
				SWIFT_ACTIVE_COMPILATION_CONDITIONS = DEBUG;
				SWIFT_OPTIMIZATION_LEVEL = "-Onone";
			};
			name = Debug;
		};
		494EF2462788988200C3A18C /* Release */ = {
			isa = XCBuildConfiguration;
			buildSettings = {
				ALWAYS_SEARCH_USER_PATHS = NO;
				CLANG_ANALYZER_NONNULL = YES;
				CLANG_ANALYZER_NUMBER_OBJECT_CONVERSION = YES_AGGRESSIVE;
				CLANG_CXX_LANGUAGE_STANDARD = "gnu++17";
				CLANG_CXX_LIBRARY = "libc++";
				CLANG_ENABLE_MODULES = YES;
				CLANG_ENABLE_OBJC_ARC = YES;
				CLANG_ENABLE_OBJC_WEAK = YES;
				CLANG_WARN_BLOCK_CAPTURE_AUTORELEASING = YES;
				CLANG_WARN_BOOL_CONVERSION = YES;
				CLANG_WARN_COMMA = YES;
				CLANG_WARN_CONSTANT_CONVERSION = YES;
				CLANG_WARN_DEPRECATED_OBJC_IMPLEMENTATIONS = YES;
				CLANG_WARN_DIRECT_OBJC_ISA_USAGE = YES_ERROR;
				CLANG_WARN_DOCUMENTATION_COMMENTS = YES;
				CLANG_WARN_EMPTY_BODY = YES;
				CLANG_WARN_ENUM_CONVERSION = YES;
				CLANG_WARN_INFINITE_RECURSION = YES;
				CLANG_WARN_INT_CONVERSION = YES;
				CLANG_WARN_NON_LITERAL_NULL_CONVERSION = YES;
				CLANG_WARN_OBJC_IMPLICIT_RETAIN_SELF = YES;
				CLANG_WARN_OBJC_LITERAL_CONVERSION = YES;
				CLANG_WARN_OBJC_ROOT_CLASS = YES_ERROR;
				CLANG_WARN_QUOTED_INCLUDE_IN_FRAMEWORK_HEADER = YES;
				CLANG_WARN_RANGE_LOOP_ANALYSIS = YES;
				CLANG_WARN_STRICT_PROTOTYPES = YES;
				CLANG_WARN_SUSPICIOUS_MOVE = YES;
				CLANG_WARN_UNGUARDED_AVAILABILITY = YES_AGGRESSIVE;
				CLANG_WARN_UNREACHABLE_CODE = YES;
				CLANG_WARN__DUPLICATE_METHOD_MATCH = YES;
				COPY_PHASE_STRIP = NO;
				DEBUG_INFORMATION_FORMAT = "dwarf-with-dsym";
				ENABLE_NS_ASSERTIONS = NO;
				ENABLE_STRICT_OBJC_MSGSEND = YES;
				GCC_C_LANGUAGE_STANDARD = gnu11;
				GCC_NO_COMMON_BLOCKS = YES;
				GCC_WARN_64_TO_32_BIT_CONVERSION = YES;
				GCC_WARN_ABOUT_RETURN_TYPE = YES_ERROR;
				GCC_WARN_UNDECLARED_SELECTOR = YES;
				GCC_WARN_UNINITIALIZED_AUTOS = YES_AGGRESSIVE;
				GCC_WARN_UNUSED_FUNCTION = YES;
				GCC_WARN_UNUSED_VARIABLE = YES;
				IPHONEOS_DEPLOYMENT_TARGET = 15.2;
				MTL_ENABLE_DEBUG_INFO = NO;
				MTL_FAST_MATH = YES;
				SDKROOT = iphoneos;
				SWIFT_COMPILATION_MODE = wholemodule;
				SWIFT_OPTIMIZATION_LEVEL = "-O";
				VALIDATE_PRODUCT = YES;
			};
			name = Release;
		};
		494EF2482788988200C3A18C /* Debug */ = {
			isa = XCBuildConfiguration;
			buildSettings = {
				ASSETCATALOG_COMPILER_APPICON_NAME = AppIcon;
				ASSETCATALOG_COMPILER_GLOBAL_ACCENT_COLOR_NAME = AccentColor;
				CODE_SIGN_IDENTITY = "Apple Development";
				CODE_SIGN_STYLE = Automatic;
				CURRENT_PROJECT_VERSION = 1;
				DEVELOPMENT_TEAM = 3GTE9X3BX2;
				GENERATE_INFOPLIST_FILE = YES;
				INFOPLIST_FILE = AppStoreMVC/Info.plist;
				INFOPLIST_KEY_LSApplicationCategoryType = "public.app-category.entertainment";
				INFOPLIST_KEY_UIApplicationSupportsIndirectInputEvents = YES;
				INFOPLIST_KEY_UILaunchStoryboardName = LaunchScreen;
				INFOPLIST_KEY_UIMainStoryboardFile = Main;
				INFOPLIST_KEY_UISupportedInterfaceOrientations = UIInterfaceOrientationPortrait;
				INFOPLIST_KEY_UISupportedInterfaceOrientations_iPad = "UIInterfaceOrientationPortrait UIInterfaceOrientationPortraitUpsideDown UIInterfaceOrientationLandscapeLeft UIInterfaceOrientationLandscapeRight";
				INFOPLIST_KEY_UISupportedInterfaceOrientations_iPhone = "UIInterfaceOrientationPortrait UIInterfaceOrientationLandscapeLeft UIInterfaceOrientationLandscapeRight";
				IPHONEOS_DEPLOYMENT_TARGET = 15.0;
				LD_RUNPATH_SEARCH_PATHS = (
					"$(inherited)",
					"@executable_path/Frameworks",
				);
				MARKETING_VERSION = 1.0;
				PRODUCT_BUNDLE_IDENTIFIER = dev.simran.apps.AppStoreMVC;
				PRODUCT_NAME = "$(TARGET_NAME)";
				SWIFT_EMIT_LOC_STRINGS = YES;
				SWIFT_VERSION = 5.0;
				TARGETED_DEVICE_FAMILY = 1;
			};
			name = Debug;
		};
		494EF2492788988200C3A18C /* Release */ = {
			isa = XCBuildConfiguration;
			buildSettings = {
				ASSETCATALOG_COMPILER_APPICON_NAME = AppIcon;
				ASSETCATALOG_COMPILER_GLOBAL_ACCENT_COLOR_NAME = AccentColor;
				CODE_SIGN_IDENTITY = "Apple Development";
				CODE_SIGN_STYLE = Automatic;
				CURRENT_PROJECT_VERSION = 1;
				DEVELOPMENT_TEAM = 3GTE9X3BX2;
				GENERATE_INFOPLIST_FILE = YES;
				INFOPLIST_FILE = AppStoreMVC/Info.plist;
				INFOPLIST_KEY_LSApplicationCategoryType = "public.app-category.entertainment";
				INFOPLIST_KEY_UIApplicationSupportsIndirectInputEvents = YES;
				INFOPLIST_KEY_UILaunchStoryboardName = LaunchScreen;
				INFOPLIST_KEY_UIMainStoryboardFile = Main;
				INFOPLIST_KEY_UISupportedInterfaceOrientations = UIInterfaceOrientationPortrait;
				INFOPLIST_KEY_UISupportedInterfaceOrientations_iPad = "UIInterfaceOrientationPortrait UIInterfaceOrientationPortraitUpsideDown UIInterfaceOrientationLandscapeLeft UIInterfaceOrientationLandscapeRight";
				INFOPLIST_KEY_UISupportedInterfaceOrientations_iPhone = "UIInterfaceOrientationPortrait UIInterfaceOrientationLandscapeLeft UIInterfaceOrientationLandscapeRight";
				IPHONEOS_DEPLOYMENT_TARGET = 15.0;
				LD_RUNPATH_SEARCH_PATHS = (
					"$(inherited)",
					"@executable_path/Frameworks",
				);
				MARKETING_VERSION = 1.0;
				PRODUCT_BUNDLE_IDENTIFIER = dev.simran.apps.AppStoreMVC;
				PRODUCT_NAME = "$(TARGET_NAME)";
				SWIFT_EMIT_LOC_STRINGS = YES;
				SWIFT_VERSION = 5.0;
				TARGETED_DEVICE_FAMILY = 1;
			};
			name = Release;
		};
/* End XCBuildConfiguration section */

/* Begin XCConfigurationList section */
		494EF22E2788988100C3A18C /* Build configuration list for PBXProject "AppStoreMVC" */ = {
			isa = XCConfigurationList;
			buildConfigurations = (
				494EF2452788988200C3A18C /* Debug */,
				494EF2462788988200C3A18C /* Release */,
			);
			defaultConfigurationIsVisible = 0;
			defaultConfigurationName = Release;
		};
		494EF2472788988200C3A18C /* Build configuration list for PBXNativeTarget "AppStoreMVC" */ = {
			isa = XCConfigurationList;
			buildConfigurations = (
				494EF2482788988200C3A18C /* Debug */,
				494EF2492788988200C3A18C /* Release */,
			);
			defaultConfigurationIsVisible = 0;
			defaultConfigurationName = Release;
		};
/* End XCConfigurationList section */

/* Begin XCRemoteSwiftPackageReference section */
		49E5E9C0282962F300489E83 /* XCRemoteSwiftPackageReference "SDWebImage" */ = {
			isa = XCRemoteSwiftPackageReference;
			repositoryURL = "https://github.com/SDWebImage/SDWebImage.git";
			requirement = {
				kind = upToNextMajorVersion;
				minimumVersion = 5.0.0;
			};
		};
/* End XCRemoteSwiftPackageReference section */

/* Begin XCSwiftPackageProductDependency section */
		49E5E9C1282962F300489E83 /* SDWebImage */ = {
			isa = XCSwiftPackageProductDependency;
			package = 49E5E9C0282962F300489E83 /* XCRemoteSwiftPackageReference "SDWebImage" */;
			productName = SDWebImage;
		};
/* End XCSwiftPackageProductDependency section */
	};
	rootObject = 494EF22B2788988100C3A18C /* Project object */;
}
